
Microsoft Visual Studio Solution File, Format Version 12.00
# Visual Studio Version 16
VisualStudioVersion = 16.0.32228.343
MinimumVisualStudioVersion = 10.0.40219.1
Project("{FAE04EC0-301F-11D3-BF4B-00C04F79EFBC}") = "data1", "data1.csproj", "{71B09425-1368-4F69-AE9A-EBD1AEDCD7FE}"
EndProject
Global
	GlobalSection(SolutionConfigurationPlatforms) = preSolution
		Debug|Any CPU = Debug|Any CPU
		Release|Any CPU = Release|Any CPU
	EndGlobalSection
	GlobalSection(ProjectConfigurationPlatforms) = postSolution
		{71B09425-1368-4F69-AE9A-EBD1AEDCD7FE}.Debug|Any CPU.ActiveCfg = Debug|Any CPU
		{71B09425-1368-4F69-AE9A-EBD1AEDCD7FE}.Debug|Any CPU.Build.0 = Debug|Any CPU
		{71B09425-1368-4F69-AE9A-EBD1AEDCD7FE}.Release|Any CPU.ActiveCfg = Release|Any CPU
		{71B09425-1368-4F69-AE9A-EBD1AEDCD7FE}.Release|Any CPU.Build.0 = Release|Any CPU
	EndGlobalSection
	GlobalSection(SolutionProperties) = preSolution
		HideSolutionNode = FALSE
	EndGlobalSection
	GlobalSection(ExtensibilityGlobals) = postSolution
		SolutionGuid = {B225265E-315E-432E-B66B-CCC53C0EB7AA}
	EndGlobalSection
EndGlobal
